
Microsoft Visual Studio Solution File, Format Version 12.00
# Visual Studio Version 17
VisualStudioVersion = 17.5.33414.496
MinimumVisualStudioVersion = 10.0.40219.1
Project("{9A19103F-16F7-4668-BE54-9A1E7A4F7556}") = "teskpl-vikhan", "teskpl-vikhan\teskpl-vikhan.csproj", "{168BA99D-C51E-497E-AB2C-78DE3DF8C973}"
EndProject
Project("{FAE04EC0-301F-11D3-BF4B-00C04F79EFBC}") = "SINGLETON-VIkhan", "SINGLETON-VIkhan\SINGLETON-VIkhan.csproj", "{8C0FE5EC-8D95-4E8E-8C4A-7B0C3DED0F7D}"
EndProject
Global
	GlobalSection(SolutionConfigurationPlatforms) = preSolution
		Debug|Any CPU = Debug|Any CPU
		Release|Any CPU = Release|Any CPU
	EndGlobalSection
	GlobalSection(ProjectConfigurationPlatforms) = postSolution
		{168BA99D-C51E-497E-AB2C-78DE3DF8C973}.Debug|Any CPU.ActiveCfg = Debug|Any CPU
		{168BA99D-C51E-497E-AB2C-78DE3DF8C973}.Debug|Any CPU.Build.0 = Debug|Any CPU
		{168BA99D-C51E-497E-AB2C-78DE3DF8C973}.Release|Any CPU.ActiveCfg = Release|Any CPU
		{168BA99D-C51E-497E-AB2C-78DE3DF8C973}.Release|Any CPU.Build.0 = Release|Any CPU
		{8C0FE5EC-8D95-4E8E-8C4A-7B0C3DED0F7D}.Debug|Any CPU.ActiveCfg = Debug|Any CPU
		{8C0FE5EC-8D95-4E8E-8C4A-7B0C3DED0F7D}.Debug|Any CPU.Build.0 = Debug|Any CPU
		{8C0FE5EC-8D95-4E8E-8C4A-7B0C3DED0F7D}.Release|Any CPU.ActiveCfg = Release|Any CPU
		{8C0FE5EC-8D95-4E8E-8C4A-7B0C3DED0F7D}.Release|Any CPU.Build.0 = Release|Any CPU
	EndGlobalSection
	GlobalSection(SolutionProperties) = preSolution
		HideSolutionNode = FALSE
	EndGlobalSection
	GlobalSection(ExtensibilityGlobals) = postSolution
		SolutionGuid = {3BD14690-1C74-4AF3-9A76-FC80C48FA362}
	EndGlobalSection
EndGlobal
